
Microsoft Visual Studio Solution File, Format Version 12.00
# Visual Studio Version 17
VisualStudioVersion = 17.0.31717.71
MinimumVisualStudioVersion = 15.0.26124.0
Project("{9A19103F-16F7-4668-BE54-9A1E7A4F7556}") = "Sample.Tests", "Sample.Tests\Sample.Tests.csproj", "{447D1077-4FB1-48C6-9AED-B821E2655FDC}"
EndProject
Project("{2150E333-8FDC-42A3-9474-1A3956D46DE8}") = "Solution Items", "Solution Items", "{29C81B48-7ADA-4C89-B454-45B623039C09}"
EndProject
Project("{9A19103F-16F7-4668-BE54-9A1E7A4F7556}") = "BlazorApp1.Server", "BlazorApp1\Server\BlazorApp1.Server.csproj", "{128B8C2C-8D8D-47A6-A535-5915F903F081}"
EndProject
Project("{9A19103F-16F7-4668-BE54-9A1E7A4F7556}") = "BlazorApp1.Client", "BlazorApp1\Client\BlazorApp1.Client.csproj", "{751F9E37-3399-499E-A027-295348316ED6}"
EndProject
Project("{9A19103F-16F7-4668-BE54-9A1E7A4F7556}") = "BlazorApp1.Shared", "BlazorApp1\Shared\BlazorApp1.Shared.csproj", "{75DF2A77-D4C4-44D6-BCD6-73B83932F6FD}"
EndProject
Global
	GlobalSection(SolutionConfigurationPlatforms) = preSolution
		Debug|Any CPU = Debug|Any CPU
		Debug|x64 = Debug|x64
		Debug|x86 = Debug|x86
		Release|Any CPU = Release|Any CPU
		Release|x64 = Release|x64
		Release|x86 = Release|x86
	EndGlobalSection
	GlobalSection(ProjectConfigurationPlatforms) = postSolution
		{447D1077-4FB1-48C6-9AED-B821E2655FDC}.Debug|Any CPU.ActiveCfg = Debug|Any CPU
		{447D1077-4FB1-48C6-9AED-B821E2655FDC}.Debug|Any CPU.Build.0 = Debug|Any CPU
		{447D1077-4FB1-48C6-9AED-B821E2655FDC}.Debug|x64.ActiveCfg = Debug|Any CPU
		{447D1077-4FB1-48C6-9AED-B821E2655FDC}.Debug|x64.Build.0 = Debug|Any CPU
		{447D1077-4FB1-48C6-9AED-B821E2655FDC}.Debug|x86.ActiveCfg = Debug|Any CPU
		{447D1077-4FB1-48C6-9AED-B821E2655FDC}.Debug|x86.Build.0 = Debug|Any CPU
		{447D1077-4FB1-48C6-9AED-B821E2655FDC}.Release|Any CPU.ActiveCfg = Release|Any CPU
		{447D1077-4FB1-48C6-9AED-B821E2655FDC}.Release|Any CPU.Build.0 = Release|Any CPU
		{447D1077-4FB1-48C6-9AED-B821E2655FDC}.Release|x64.ActiveCfg = Release|Any CPU
		{447D1077-4FB1-48C6-9AED-B821E2655FDC}.Release|x64.Build.0 = Release|Any CPU
		{447D1077-4FB1-48C6-9AED-B821E2655FDC}.Release|x86.ActiveCfg = Release|Any CPU
		{447D1077-4FB1-48C6-9AED-B821E2655FDC}.Release|x86.Build.0 = Release|Any CPU
		{128B8C2C-8D8D-47A6-A535-5915F903F081}.Debug|Any CPU.ActiveCfg = Debug|Any CPU
		{128B8C2C-8D8D-47A6-A535-5915F903F081}.Debug|Any CPU.Build.0 = Debug|Any CPU
		{128B8C2C-8D8D-47A6-A535-5915F903F081}.Debug|x64.ActiveCfg = Debug|Any CPU
		{128B8C2C-8D8D-47A6-A535-5915F903F081}.Debug|x64.Build.0 = Debug|Any CPU
		{128B8C2C-8D8D-47A6-A535-5915F903F081}.Debug|x86.ActiveCfg = Debug|Any CPU
		{128B8C2C-8D8D-47A6-A535-5915F903F081}.Debug|x86.Build.0 = Debug|Any CPU
		{128B8C2C-8D8D-47A6-A535-5915F903F081}.Release|Any CPU.ActiveCfg = Release|Any CPU
		{128B8C2C-8D8D-47A6-A535-5915F903F081}.Release|Any CPU.Build.0 = Release|Any CPU
		{128B8C2C-8D8D-47A6-A535-5915F903F081}.Release|x64.ActiveCfg = Release|Any CPU
		{128B8C2C-8D8D-47A6-A535-5915F903F081}.Release|x64.Build.0 = Release|Any CPU
		{128B8C2C-8D8D-47A6-A535-5915F903F081}.Release|x86.ActiveCfg = Release|Any CPU
		{128B8C2C-8D8D-47A6-A535-5915F903F081}.Release|x86.Build.0 = Release|Any CPU
		{751F9E37-3399-499E-A027-295348316ED6}.Debug|Any CPU.ActiveCfg = Debug|Any CPU
		{751F9E37-3399-499E-A027-295348316ED6}.Debug|Any CPU.Build.0 = Debug|Any CPU
		{751F9E37-3399-499E-A027-295348316ED6}.Debug|x64.ActiveCfg = Debug|Any CPU
		{751F9E37-3399-499E-A027-295348316ED6}.Debug|x64.Build.0 = Debug|Any CPU
		{751F9E37-3399-499E-A027-295348316ED6}.Debug|x86.ActiveCfg = Debug|Any CPU
		{751F9E37-3399-499E-A027-295348316ED6}.Debug|x86.Build.0 = Debug|Any CPU
		{751F9E37-3399-499E-A027-295348316ED6}.Release|Any CPU.ActiveCfg = Release|Any CPU
		{751F9E37-3399-499E-A027-295348316ED6}.Release|Any CPU.Build.0 = Release|Any CPU
		{751F9E37-3399-499E-A027-295348316ED6}.Release|x64.ActiveCfg = Release|Any CPU
		{751F9E37-3399-499E-A027-295348316ED6}.Release|x64.Build.0 = Release|Any CPU
		{751F9E37-3399-499E-A027-295348316ED6}.Release|x86.ActiveCfg = Release|Any CPU
		{751F9E37-3399-499E-A027-295348316ED6}.Release|x86.Build.0 = Release|Any CPU
		{75DF2A77-D4C4-44D6-BCD6-73B83932F6FD}.Debug|Any CPU.ActiveCfg = Debug|Any CPU
		{75DF2A77-D4C4-44D6-BCD6-73B83932F6FD}.Debug|Any CPU.Build.0 = Debug|Any CPU
		{75DF2A77-D4C4-44D6-BCD6-73B83932F6FD}.Debug|x64.ActiveCfg = Debug|Any CPU
		{75DF2A77-D4C4-44D6-BCD6-73B83932F6FD}.Debug|x64.Build.0 = Debug|Any CPU
		{75DF2A77-D4C4-44D6-BCD6-73B83932F6FD}.Debug|x86.ActiveCfg = Debug|Any CPU
		{75DF2A77-D4C4-44D6-BCD6-73B83932F6FD}.Debug|x86.Build.0 = Debug|Any CPU
		{75DF2A77-D4C4-44D6-BCD6-73B83932F6FD}.Release|Any CPU.ActiveCfg = Release|Any CPU
		{75DF2A77-D4C4-44D6-BCD6-73B83932F6FD}.Release|Any CPU.Build.0 = Release|Any CPU
		{75DF2A77-D4C4-44D6-BCD6-73B83932F6FD}.Release|x64.ActiveCfg = Release|Any CPU
		{75DF2A77-D4C4-44D6-BCD6-73B83932F6FD}.Release|x64.Build.0 = Release|Any CPU
		{75DF2A77-D4C4-44D6-BCD6-73B83932F6FD}.Release|x86.ActiveCfg = Release|Any CPU
		{75DF2A77-D4C4-44D6-BCD6-73B83932F6FD}.Release|x86.Build.0 = Release|Any CPU
	EndGlobalSection
	GlobalSection(SolutionProperties) = preSolution
		HideSolutionNode = FALSE
	EndGlobalSection
	GlobalSection(ExtensibilityGlobals) = postSolution
		SolutionGuid = {EBF86A4A-E639-4F62-AAEE-EAD045707B45}
	EndGlobalSection
EndGlobal
